
Microsoft Visual Studio Solution File, Format Version 12.00
# Visual Studio Version 17
VisualStudioVersion = 17.10.35013.160
MinimumVisualStudioVersion = 10.0.40219.1
Project("{FAE04EC0-301F-11D3-BF4B-00C04F79EFBC}") = "Game_Library", "Game_Library\Game_Library.csproj", "{40AFFFDF-19A3-467A-B7A2-EB77F1DB30D9}"
EndProject
Global
	GlobalSection(SolutionConfigurationPlatforms) = preSolution
		Debug|Any CPU = Debug|Any CPU
		Release|Any CPU = Release|Any CPU
	EndGlobalSection
	GlobalSection(ProjectConfigurationPlatforms) = postSolution
		{40AFFFDF-19A3-467A-B7A2-EB77F1DB30D9}.Debug|Any CPU.ActiveCfg = Debug|Any CPU
		{40AFFFDF-19A3-467A-B7A2-EB77F1DB30D9}.Debug|Any CPU.Build.0 = Debug|Any CPU
		{40AFFFDF-19A3-467A-B7A2-EB77F1DB30D9}.Release|Any CPU.ActiveCfg = Release|Any CPU
		{40AFFFDF-19A3-467A-B7A2-EB77F1DB30D9}.Release|Any CPU.Build.0 = Release|Any CPU
	EndGlobalSection
	GlobalSection(SolutionProperties) = preSolution
		HideSolutionNode = FALSE
	EndGlobalSection
	GlobalSection(ExtensibilityGlobals) = postSolution
		SolutionGuid = {57DC9D76-4C29-48BF-B44E-2420FA28816C}
	EndGlobalSection
EndGlobal
